{
    "_meta": {
        "hash": {
            "sha256": "66c2963c61c4544bc2504a770a4bf7e36015a303bfcc4ce5877438ed18920976"
        },
        "pipfile-spec": 6,
        "requires": {
            "python_version": "2.7"
        },
        "sources": [
            {
                "name": "pypi",
                "url": "https://pypi.org/simple",
                "verify_ssl": true
            }
        ]
    },
    "default": {
        "asgiref": {
            "hashes": [
                "sha256:3e1e3ecc849832fe52ccf2cb6686b7a55f82bb1d6aee72a58826471390335e47",
                "sha256:c343bd80a0bec947a9860adb4c432ffa7db769836c64238fc34bdc3fec84d590"
            ],
            "markers": "python_version >= '3.8'",
            "version": "==3.8.1"
        },
        "django": {
            "hashes": [
                "sha256:4bd01a8c830bb77a8a3b0e7d8b25b887e536ad17a81ba2dce5476135c73312bd",
                "sha256:916423499d75d62da7aa038d19aef23d23498d8df229775eb0a6309ee1013775"
            ],
            "index": "pypi",
            "markers": "python_version >= '3.10'",
            "version": "==5.0.4"
        },
        "django-cors-headers": {
            "hashes": [
                "sha256:0b1fd19297e37417fc9f835d39e45c8c642938ddba1acce0c1753d3edef04f36",
                "sha256:0bf65ef45e606aff1994d35503e6b677c0b26cafff6506f8fd7187f3be840207"
            ],
            "index": "pypi",
            "markers": "python_version >= '3.8'",
            "version": "==4.3.1"
        },
        "djangorestframework": {
            "hashes": [
                "sha256:3ccc0475bce968608cf30d07fb17d8e52d1d7fc8bfe779c905463200750cbca6",
                "sha256:f88fad74183dfc7144b2756d0d2ac716ea5b4c7c9840995ac3bfd8ec034333c1"
            ],
            "index": "pypi",
            "markers": "python_version >= '3.6'",
            "version": "==3.15.1"
        },
        "segno": {
            "hashes": [
                "sha256:e90c6ff82c633f757a96d4b1fb06cc932589b5237f33be653f52252544ac64df",
                "sha256:f23da78b059251c36e210d0cf5bfb1a9ec1604ae6e9f3d42f9a7c16d306d847e"
            ],
            "index": "pypi",
            "markers": "python_version >= '3.5'",
            "version": "==1.6.1"
        },
        "sqlparse": {
            "hashes": [
                "sha256:5430a4fe2ac7d0f93e66f1efc6e1338a41884b7ddf2a350cedd20ccc4d9d28f3",
                "sha256:d446183e84b8349fa3061f0fe7f06ca94ba65b426946ffebe6e3e8295332420c"
            ],
            "markers": "python_version >= '3.5'",
            "version": "==0.4.4"
        },
        "whitenoise": {
            "hashes": [
                "sha256:8998f7370973447fac1e8ef6e8ded2c5209a7b1f67c1012866dbcd09681c3251",
                "sha256:b1f9db9bf67dc183484d760b99f4080185633136a273a03f6436034a41064146"
            ],
            "index": "pypi",
            "markers": "python_version >= '3.8'",
            "version": "==6.6.0"
        }
    },
    "develop": {}
}
